// !$*UTF8*$!
{
	archiveVersion = 1;
	classes = {
	};
	objectVersion = 56;
	objects = {

/* Begin PBXBuildFile section */
		EA4341CA2A3DD40100AAB487 /* AppDelegate.swift in Sources */ = {isa = PBXBuildFile; fileRef = EA4341C92A3DD40100AAB487 /* AppDelegate.swift */; };
		EA4341CC2A3DD40100AAB487 /* SceneDelegate.swift in Sources */ = {isa = PBXBuildFile; fileRef = EA4341CB2A3DD40100AAB487 /* SceneDelegate.swift */; };
		EA4341CE2A3DD40100AAB487 /* MenuViewController.swift in Sources */ = {isa = PBXBuildFile; fileRef = EA4341CD2A3DD40100AAB487 /* MenuViewController.swift */; };
		EA4341D12A3DD40100AAB487 /* Main.storyboard in Resources */ = {isa = PBXBuildFile; fileRef = EA4341CF2A3DD40100AAB487 /* Main.storyboard */; };
		EA4341D32A3DD40300AAB487 /* Assets.xcassets in Resources */ = {isa = PBXBuildFile; fileRef = EA4341D22A3DD40300AAB487 /* Assets.xcassets */; };
		EA4341D62A3DD40300AAB487 /* LaunchScreen.storyboard in Resources */ = {isa = PBXBuildFile; fileRef = EA4341D42A3DD40300AAB487 /* LaunchScreen.storyboard */; };
		EA72A7DB2A41FA7300970169 /* SettingsViewController.swift in Sources */ = {isa = PBXBuildFile; fileRef = EA72A7DA2A41FA7300970169 /* SettingsViewController.swift */; };
		EA72A7DD2A4212B600970169 /* ModalViewController.swift in Sources */ = {isa = PBXBuildFile; fileRef = EA72A7DC2A4212B600970169 /* ModalViewController.swift */; };
		EA81FFB82A4870CD00C53BD0 /* BeerModel.swift in Sources */ = {isa = PBXBuildFile; fileRef = EA81FFB72A4870CD00C53BD0 /* BeerModel.swift */; };
		EA81FFBA2A48915C00C53BD0 /* BeerDetailsViewController.swift in Sources */ = {isa = PBXBuildFile; fileRef = EA81FFB92A48915C00C53BD0 /* BeerDetailsViewController.swift */; };
		EA84403A2A534A12008EF2C0 /* BarManager.swift in Sources */ = {isa = PBXBuildFile; fileRef = EA8440392A534A12008EF2C0 /* BarManager.swift */; };
		EA8440412A54D887008EF2C0 /* BarManagerDelegate.swift in Sources */ = {isa = PBXBuildFile; fileRef = EA8440402A54D887008EF2C0 /* BarManagerDelegate.swift */; };
		EA8E795B2A472CD500CEE0E1 /* NavigationController.swift in Sources */ = {isa = PBXBuildFile; fileRef = EA8E795A2A472CD500CEE0E1 /* NavigationController.swift */; };
/* End PBXBuildFile section */

/* Begin PBXFileReference section */
		EA4341C62A3DD40100AAB487 /* BeerBar.app */ = {isa = PBXFileReference; explicitFileType = wrapper.application; includeInIndex = 0; path = BeerBar.app; sourceTree = BUILT_PRODUCTS_DIR; };
		EA4341C92A3DD40100AAB487 /* AppDelegate.swift */ = {isa = PBXFileReference; lastKnownFileType = sourcecode.swift; path = AppDelegate.swift; sourceTree = "<group>"; };
		EA4341CB2A3DD40100AAB487 /* SceneDelegate.swift */ = {isa = PBXFileReference; lastKnownFileType = sourcecode.swift; path = SceneDelegate.swift; sourceTree = "<group>"; };
		EA4341CD2A3DD40100AAB487 /* MenuViewController.swift */ = {isa = PBXFileReference; lastKnownFileType = sourcecode.swift; path = MenuViewController.swift; sourceTree = "<group>"; };
		EA4341D02A3DD40100AAB487 /* Base */ = {isa = PBXFileReference; lastKnownFileType = file.storyboard; name = Base; path = Base.lproj/Main.storyboard; sourceTree = "<group>"; };
		EA4341D22A3DD40300AAB487 /* Assets.xcassets */ = {isa = PBXFileReference; lastKnownFileType = folder.assetcatalog; path = Assets.xcassets; sourceTree = "<group>"; };
		EA4341D52A3DD40300AAB487 /* Base */ = {isa = PBXFileReference; lastKnownFileType = file.storyboard; name = Base; path = Base.lproj/LaunchScreen.storyboard; sourceTree = "<group>"; };
		EA4341D72A3DD40300AAB487 /* Info.plist */ = {isa = PBXFileReference; lastKnownFileType = text.plist.xml; path = Info.plist; sourceTree = "<group>"; };
		EA72A7DA2A41FA7300970169 /* SettingsViewController.swift */ = {isa = PBXFileReference; lastKnownFileType = sourcecode.swift; path = SettingsViewController.swift; sourceTree = "<group>"; };
		EA72A7DC2A4212B600970169 /* ModalViewController.swift */ = {isa = PBXFileReference; lastKnownFileType = sourcecode.swift; path = ModalViewController.swift; sourceTree = "<group>"; };
		EA81FFB72A4870CD00C53BD0 /* BeerModel.swift */ = {isa = PBXFileReference; lastKnownFileType = sourcecode.swift; path = BeerModel.swift; sourceTree = "<group>"; };
		EA81FFB92A48915C00C53BD0 /* BeerDetailsViewController.swift */ = {isa = PBXFileReference; lastKnownFileType = sourcecode.swift; path = BeerDetailsViewController.swift; sourceTree = "<group>"; };
		EA8440392A534A12008EF2C0 /* BarManager.swift */ = {isa = PBXFileReference; lastKnownFileType = sourcecode.swift; path = BarManager.swift; sourceTree = "<group>"; };
		EA8440402A54D887008EF2C0 /* BarManagerDelegate.swift */ = {isa = PBXFileReference; lastKnownFileType = sourcecode.swift; path = BarManagerDelegate.swift; sourceTree = "<group>"; };
		EA8E795A2A472CD500CEE0E1 /* NavigationController.swift */ = {isa = PBXFileReference; lastKnownFileType = sourcecode.swift; path = NavigationController.swift; sourceTree = "<group>"; };
/* End PBXFileReference section */

/* Begin PBXFrameworksBuildPhase section */
		EA4341C32A3DD40100AAB487 /* Frameworks */ = {
			isa = PBXFrameworksBuildPhase;
			buildActionMask = 2147483647;
			files = (
			);
			runOnlyForDeploymentPostprocessing = 0;
		};
/* End PBXFrameworksBuildPhase section */

/* Begin PBXGroup section */
		EA4341BD2A3DD40100AAB487 = {
			isa = PBXGroup;
			children = (
				EA4341C82A3DD40100AAB487 /* BeerBar */,
				EA4341C72A3DD40100AAB487 /* Products */,
			);
			sourceTree = "<group>";
		};
		EA4341C72A3DD40100AAB487 /* Products */ = {
			isa = PBXGroup;
			children = (
				EA4341C62A3DD40100AAB487 /* BeerBar.app */,
			);
			name = Products;
			sourceTree = "<group>";
		};
		EA4341C82A3DD40100AAB487 /* BeerBar */ = {
			isa = PBXGroup;
			children = (
				EA84403B2A53783F008EF2C0 /* ViewControllers */,
				EA84403D2A537896008EF2C0 /* Services */,
				EA84403C2A53787D008EF2C0 /* Models */,
				EA84403F2A5378F4008EF2C0 /* Resources */,
				EA8E795A2A472CD500CEE0E1 /* NavigationController.swift */,
			);
			path = BeerBar;
			sourceTree = "<group>";
		};
		EA84403B2A53783F008EF2C0 /* ViewControllers */ = {
			isa = PBXGroup;
			children = (
				EA4341CD2A3DD40100AAB487 /* MenuViewController.swift */,
				EA81FFB92A48915C00C53BD0 /* BeerDetailsViewController.swift */,
				EA72A7DA2A41FA7300970169 /* SettingsViewController.swift */,
				EA72A7DC2A4212B600970169 /* ModalViewController.swift */,
			);
			path = ViewControllers;
			sourceTree = "<group>";
		};
		EA84403C2A53787D008EF2C0 /* Models */ = {
			isa = PBXGroup;
			children = (
				EA81FFB72A4870CD00C53BD0 /* BeerModel.swift */,
			);
			path = Models;
			sourceTree = "<group>";
		};
		EA84403D2A537896008EF2C0 /* Services */ = {
			isa = PBXGroup;
			children = (
				EA8440392A534A12008EF2C0 /* BarManager.swift */,
				EA8440402A54D887008EF2C0 /* BarManagerDelegate.swift */,
			);
			path = Services;
			sourceTree = "<group>";
		};
		EA84403F2A5378F4008EF2C0 /* Resources */ = {
			isa = PBXGroup;
			children = (
				EA4341C92A3DD40100AAB487 /* AppDelegate.swift */,
				EA4341CB2A3DD40100AAB487 /* SceneDelegate.swift */,
				EA4341CF2A3DD40100AAB487 /* Main.storyboard */,
				EA4341D22A3DD40300AAB487 /* Assets.xcassets */,
				EA4341D42A3DD40300AAB487 /* LaunchScreen.storyboard */,
				EA4341D72A3DD40300AAB487 /* Info.plist */,
			);
			path = Resources;
			sourceTree = "<group>";
		};
/* End PBXGroup section */

/* Begin PBXNativeTarget section */
		EA4341C52A3DD40100AAB487 /* BeerBar */ = {
			isa = PBXNativeTarget;
			buildConfigurationList = EA4341DA2A3DD40300AAB487 /* Build configuration list for PBXNativeTarget "BeerBar" */;
			buildPhases = (
				EA4341C22A3DD40100AAB487 /* Sources */,
				EA4341C32A3DD40100AAB487 /* Frameworks */,
				EA4341C42A3DD40100AAB487 /* Resources */,
			);
			buildRules = (
			);
			dependencies = (
			);
			name = BeerBar;
			productName = BeerBar;
			productReference = EA4341C62A3DD40100AAB487 /* BeerBar.app */;
			productType = "com.apple.product-type.application";
		};
/* End PBXNativeTarget section */

/* Begin PBXProject section */
		EA4341BE2A3DD40100AAB487 /* Project object */ = {
			isa = PBXProject;
			attributes = {
				BuildIndependentTargetsInParallel = 1;
				LastSwiftUpdateCheck = 1430;
				LastUpgradeCheck = 1430;
				TargetAttributes = {
					EA4341C52A3DD40100AAB487 = {
						CreatedOnToolsVersion = 14.3.1;
					};
				};
			};
			buildConfigurationList = EA4341C12A3DD40100AAB487 /* Build configuration list for PBXProject "BeerBar" */;
			compatibilityVersion = "Xcode 14.0";
			developmentRegion = en;
			hasScannedForEncodings = 0;
			knownRegions = (
				en,
				Base,
			);
			mainGroup = EA4341BD2A3DD40100AAB487;
			productRefGroup = EA4341C72A3DD40100AAB487 /* Products */;
			projectDirPath = "";
			projectRoot = "";
			targets = (
				EA4341C52A3DD40100AAB487 /* BeerBar */,
			);
		};
/* End PBXProject section */

/* Begin PBXResourcesBuildPhase section */
		EA4341C42A3DD40100AAB487 /* Resources */ = {
			isa = PBXResourcesBuildPhase;
			buildActionMask = 2147483647;
			files = (
				EA4341D62A3DD40300AAB487 /* LaunchScreen.storyboard in Resources */,
				EA4341D32A3DD40300AAB487 /* Assets.xcassets in Resources */,
				EA4341D12A3DD40100AAB487 /* Main.storyboard in Resources */,
			);
			runOnlyForDeploymentPostprocessing = 0;
		};
/* End PBXResourcesBuildPhase section */

/* Begin PBXSourcesBuildPhase section */
		EA4341C22A3DD40100AAB487 /* Sources */ = {
			isa = PBXSourcesBuildPhase;
			buildActionMask = 2147483647;
			files = (
				EA8440412A54D887008EF2C0 /* BarManagerDelegate.swift in Sources */,
				EA4341CE2A3DD40100AAB487 /* MenuViewController.swift in Sources */,
				EA8E795B2A472CD500CEE0E1 /* NavigationController.swift in Sources */,
				EA84403A2A534A12008EF2C0 /* BarManager.swift in Sources */,
				EA72A7DD2A4212B600970169 /* ModalViewController.swift in Sources */,
				EA4341CA2A3DD40100AAB487 /* AppDelegate.swift in Sources */,
				EA4341CC2A3DD40100AAB487 /* SceneDelegate.swift in Sources */,
				EA81FFBA2A48915C00C53BD0 /* BeerDetailsViewController.swift in Sources */,
				EA72A7DB2A41FA7300970169 /* SettingsViewController.swift in Sources */,
				EA81FFB82A4870CD00C53BD0 /* BeerModel.swift in Sources */,
			);
			runOnlyForDeploymentPostprocessing = 0;
		};
/* End PBXSourcesBuildPhase section */

/* Begin PBXVariantGroup section */
		EA4341CF2A3DD40100AAB487 /* Main.storyboard */ = {
			isa = PBXVariantGroup;
			children = (
				EA4341D02A3DD40100AAB487 /* Base */,
			);
			name = Main.storyboard;
			sourceTree = "<group>";
		};
		EA4341D42A3DD40300AAB487 /* LaunchScreen.storyboard */ = {
			isa = PBXVariantGroup;
			children = (
				EA4341D52A3DD40300AAB487 /* Base */,
			);
			name = LaunchScreen.storyboard;
			sourceTree = "<group>";
		};
/* End PBXVariantGroup section */

/* Begin XCBuildConfiguration section */
		EA4341D82A3DD40300AAB487 /* Debug */ = {
			isa = XCBuildConfiguration;
			buildSettings = {
				ALWAYS_SEARCH_USER_PATHS = NO;
				CLANG_ANALYZER_NONNULL = YES;
				CLANG_ANALYZER_NUMBER_OBJECT_CONVERSION = YES_AGGRESSIVE;
				CLANG_CXX_LANGUAGE_STANDARD = "gnu++20";
				CLANG_ENABLE_MODULES = YES;
				CLANG_ENABLE_OBJC_ARC = YES;
				CLANG_ENABLE_OBJC_WEAK = YES;
				CLANG_WARN_BLOCK_CAPTURE_AUTORELEASING = YES;
				CLANG_WARN_BOOL_CONVERSION = YES;
				CLANG_WARN_COMMA = YES;
				CLANG_WARN_CONSTANT_CONVERSION = YES;
				CLANG_WARN_DEPRECATED_OBJC_IMPLEMENTATIONS = YES;
				CLANG_WARN_DIRECT_OBJC_ISA_USAGE = YES_ERROR;
				CLANG_WARN_DOCUMENTATION_COMMENTS = YES;
				CLANG_WARN_EMPTY_BODY = YES;
				CLANG_WARN_ENUM_CONVERSION = YES;
				CLANG_WARN_INFINITE_RECURSION = YES;
				CLANG_WARN_INT_CONVERSION = YES;
				CLANG_WARN_NON_LITERAL_NULL_CONVERSION = YES;
				CLANG_WARN_OBJC_IMPLICIT_RETAIN_SELF = YES;
				CLANG_WARN_OBJC_LITERAL_CONVERSION = YES;
				CLANG_WARN_OBJC_ROOT_CLASS = YES_ERROR;
				CLANG_WARN_QUOTED_INCLUDE_IN_FRAMEWORK_HEADER = YES;
				CLANG_WARN_RANGE_LOOP_ANALYSIS = YES;
				CLANG_WARN_STRICT_PROTOTYPES = YES;
				CLANG_WARN_SUSPICIOUS_MOVE = YES;
				CLANG_WARN_UNGUARDED_AVAILABILITY = YES_AGGRESSIVE;
				CLANG_WARN_UNREACHABLE_CODE = YES;
				CLANG_WARN__DUPLICATE_METHOD_MATCH = YES;
				COPY_PHASE_STRIP = NO;
				DEBUG_INFORMATION_FORMAT = dwarf;
				ENABLE_STRICT_OBJC_MSGSEND = YES;
				ENABLE_TESTABILITY = YES;
				GCC_C_LANGUAGE_STANDARD = gnu11;
				GCC_DYNAMIC_NO_PIC = NO;
				GCC_NO_COMMON_BLOCKS = YES;
				GCC_OPTIMIZATION_LEVEL = 0;
				GCC_PREPROCESSOR_DEFINITIONS = (
					"DEBUG=1",
					"$(inherited)",
				);
				GCC_WARN_64_TO_32_BIT_CONVERSION = YES;
				GCC_WARN_ABOUT_RETURN_TYPE = YES_ERROR;
				GCC_WARN_UNDECLARED_SELECTOR = YES;
				GCC_WARN_UNINITIALIZED_AUTOS = YES_AGGRESSIVE;
				GCC_WARN_UNUSED_FUNCTION = YES;
				GCC_WARN_UNUSED_VARIABLE = YES;
				IPHONEOS_DEPLOYMENT_TARGET = 16.4;
				MTL_ENABLE_DEBUG_INFO = INCLUDE_SOURCE;
				MTL_FAST_MATH = YES;
				ONLY_ACTIVE_ARCH = YES;
				SDKROOT = iphoneos;
				SWIFT_ACTIVE_COMPILATION_CONDITIONS = DEBUG;
				SWIFT_OPTIMIZATION_LEVEL = "-Onone";
			};
			name = Debug;
		};
		EA4341D92A3DD40300AAB487 /* Release */ = {
			isa = XCBuildConfiguration;
			buildSettings = {
				ALWAYS_SEARCH_USER_PATHS = NO;
				CLANG_ANALYZER_NONNULL = YES;
				CLANG_ANALYZER_NUMBER_OBJECT_CONVERSION = YES_AGGRESSIVE;
				CLANG_CXX_LANGUAGE_STANDARD = "gnu++20";
				CLANG_ENABLE_MODULES = YES;
				CLANG_ENABLE_OBJC_ARC = YES;
				CLANG_ENABLE_OBJC_WEAK = YES;
				CLANG_WARN_BLOCK_CAPTURE_AUTORELEASING = YES;
				CLANG_WARN_BOOL_CONVERSION = YES;
				CLANG_WARN_COMMA = YES;
				CLANG_WARN_CONSTANT_CONVERSION = YES;
				CLANG_WARN_DEPRECATED_OBJC_IMPLEMENTATIONS = YES;
				CLANG_WARN_DIRECT_OBJC_ISA_USAGE = YES_ERROR;
				CLANG_WARN_DOCUMENTATION_COMMENTS = YES;
				CLANG_WARN_EMPTY_BODY = YES;
				CLANG_WARN_ENUM_CONVERSION = YES;
				CLANG_WARN_INFINITE_RECURSION = YES;
				CLANG_WARN_INT_CONVERSION = YES;
				CLANG_WARN_NON_LITERAL_NULL_CONVERSION = YES;
				CLANG_WARN_OBJC_IMPLICIT_RETAIN_SELF = YES;
				CLANG_WARN_OBJC_LITERAL_CONVERSION = YES;
				CLANG_WARN_OBJC_ROOT_CLASS = YES_ERROR;
				CLANG_WARN_QUOTED_INCLUDE_IN_FRAMEWORK_HEADER = YES;
				CLANG_WARN_RANGE_LOOP_ANALYSIS = YES;
				CLANG_WARN_STRICT_PROTOTYPES = YES;
				CLANG_WARN_SUSPICIOUS_MOVE = YES;
				CLANG_WARN_UNGUARDED_AVAILABILITY = YES_AGGRESSIVE;
				CLANG_WARN_UNREACHABLE_CODE = YES;
				CLANG_WARN__DUPLICATE_METHOD_MATCH = YES;
				COPY_PHASE_STRIP = NO;
				DEBUG_INFORMATION_FORMAT = "dwarf-with-dsym";
				ENABLE_NS_ASSERTIONS = NO;
				ENABLE_STRICT_OBJC_MSGSEND = YES;
				GCC_C_LANGUAGE_STANDARD = gnu11;
				GCC_NO_COMMON_BLOCKS = YES;
				GCC_WARN_64_TO_32_BIT_CONVERSION = YES;
				GCC_WARN_ABOUT_RETURN_TYPE = YES_ERROR;
				GCC_WARN_UNDECLARED_SELECTOR = YES;
				GCC_WARN_UNINITIALIZED_AUTOS = YES_AGGRESSIVE;
				GCC_WARN_UNUSED_FUNCTION = YES;
				GCC_WARN_UNUSED_VARIABLE = YES;
				IPHONEOS_DEPLOYMENT_TARGET = 16.4;
				MTL_ENABLE_DEBUG_INFO = NO;
				MTL_FAST_MATH = YES;
				SDKROOT = iphoneos;
				SWIFT_COMPILATION_MODE = wholemodule;
				SWIFT_OPTIMIZATION_LEVEL = "-O";
				VALIDATE_PRODUCT = YES;
			};
			name = Release;
		};
		EA4341DB2A3DD40300AAB487 /* Debug */ = {
			isa = XCBuildConfiguration;
			buildSettings = {
				ASSETCATALOG_COMPILER_APPICON_NAME = AppIcon;
				ASSETCATALOG_COMPILER_GLOBAL_ACCENT_COLOR_NAME = AccentColor;
				CODE_SIGN_STYLE = Automatic;
				CURRENT_PROJECT_VERSION = 1;
				DEVELOPMENT_TEAM = 3QBZ3X93DR;
				GENERATE_INFOPLIST_FILE = YES;
				INFOPLIST_FILE = BeerBar/Resources/Info.plist;
				INFOPLIST_KEY_UIApplicationSupportsIndirectInputEvents = YES;
				INFOPLIST_KEY_UILaunchStoryboardName = LaunchScreen;
				INFOPLIST_KEY_UIMainStoryboardFile = Main;
				INFOPLIST_KEY_UISupportedInterfaceOrientations_iPad = "UIInterfaceOrientationPortrait UIInterfaceOrientationPortraitUpsideDown UIInterfaceOrientationLandscapeLeft UIInterfaceOrientationLandscapeRight";
				INFOPLIST_KEY_UISupportedInterfaceOrientations_iPhone = "UIInterfaceOrientationPortrait UIInterfaceOrientationLandscapeLeft UIInterfaceOrientationLandscapeRight";
				LD_RUNPATH_SEARCH_PATHS = (
					"$(inherited)",
					"@executable_path/Frameworks",
				);
				MARKETING_VERSION = 1.0;
				PRODUCT_BUNDLE_IDENTIFIER = com.valentyna.BeerBar;
				PRODUCT_NAME = "$(TARGET_NAME)";
				SWIFT_EMIT_LOC_STRINGS = YES;
				SWIFT_VERSION = 5.0;
				TARGETED_DEVICE_FAMILY = "1,2";
			};
			name = Debug;
		};
		EA4341DC2A3DD40300AAB487 /* Release */ = {
			isa = XCBuildConfiguration;
			buildSettings = {
				ASSETCATALOG_COMPILER_APPICON_NAME = AppIcon;
				ASSETCATALOG_COMPILER_GLOBAL_ACCENT_COLOR_NAME = AccentColor;
				CODE_SIGN_STYLE = Automatic;
				CURRENT_PROJECT_VERSION = 1;
				DEVELOPMENT_TEAM = 3QBZ3X93DR;
				GENERATE_INFOPLIST_FILE = YES;
				INFOPLIST_FILE = BeerBar/Resources/Info.plist;
				INFOPLIST_KEY_UIApplicationSupportsIndirectInputEvents = YES;
				INFOPLIST_KEY_UILaunchStoryboardName = LaunchScreen;
				INFOPLIST_KEY_UIMainStoryboardFile = Main;
				INFOPLIST_KEY_UISupportedInterfaceOrientations_iPad = "UIInterfaceOrientationPortrait UIInterfaceOrientationPortraitUpsideDown UIInterfaceOrientationLandscapeLeft UIInterfaceOrientationLandscapeRight";
				INFOPLIST_KEY_UISupportedInterfaceOrientations_iPhone = "UIInterfaceOrientationPortrait UIInterfaceOrientationLandscapeLeft UIInterfaceOrientationLandscapeRight";
				LD_RUNPATH_SEARCH_PATHS = (
					"$(inherited)",
					"@executable_path/Frameworks",
				);
				MARKETING_VERSION = 1.0;
				PRODUCT_BUNDLE_IDENTIFIER = com.valentyna.BeerBar;
				PRODUCT_NAME = "$(TARGET_NAME)";
				SWIFT_EMIT_LOC_STRINGS = YES;
				SWIFT_VERSION = 5.0;
				TARGETED_DEVICE_FAMILY = "1,2";
			};
			name = Release;
		};
/* End XCBuildConfiguration section */

/* Begin XCConfigurationList section */
		EA4341C12A3DD40100AAB487 /* Build configuration list for PBXProject "BeerBar" */ = {
			isa = XCConfigurationList;
			buildConfigurations = (
				EA4341D82A3DD40300AAB487 /* Debug */,
				EA4341D92A3DD40300AAB487 /* Release */,
			);
			defaultConfigurationIsVisible = 0;
			defaultConfigurationName = Release;
		};
		EA4341DA2A3DD40300AAB487 /* Build configuration list for PBXNativeTarget "BeerBar" */ = {
			isa = XCConfigurationList;
			buildConfigurations = (
				EA4341DB2A3DD40300AAB487 /* Debug */,
				EA4341DC2A3DD40300AAB487 /* Release */,
			);
			defaultConfigurationIsVisible = 0;
			defaultConfigurationName = Release;
		};
/* End XCConfigurationList section */
	};
	rootObject = EA4341BE2A3DD40100AAB487 /* Project object */;
}
